{
    "_readme": [
        "This file locks the dependencies of your project to a known state",
        "Read more about it at https://getcomposer.org/doc/01-basic-usage.md#installing-dependencies",
        "This file is @generated automatically"
    ],
    "content-hash": "c008f8ae2e52984d704ef465768d4391",
    "packages": [
        {
            "name": "manguto/cms7",
            "version": "dev-master",
            "source": {
                "type": "git",
                "url": "https://github.com/manguto/cms7.git",
                "reference": "474bbe56c3e5cb58306aa2a48a2dd286ef7de1af"
            },
            "dist": {
                "type": "zip",
                "url": "https://api.github.com/repos/manguto/cms7/zipball/474bbe56c3e5cb58306aa2a48a2dd286ef7de1af",
                "reference": "474bbe56c3e5cb58306aa2a48a2dd286ef7de1af",
                "shasum": ""
            },
            "require": {
                "php": "^7.0.0"
            },
            "type": "library",
            "autoload": {
                "psr-4": {
                    "manguto\\cms7\\database\\": "database/",
                    "manguto\\cms7\\libraries\\": "libraries/",
                    "manguto\\cms7\\model\\": "model/"
                },
                "files": [
                    "functions/functions.php"
                ]
            },
            "notification-url": "https://packagist.org/downloads/",
            "license": [
                "GPL-3.0-or-later"
            ],
            "authors": [
                {
                    "name": "Manguto",
                    "email": "admin@manguto.com"
                }
            ],
            "description": "Content management system suport libraries.",
            "time": "2020-09-16T19:35:10+00:00"
        }
    ],
    "packages-dev": [],
    "aliases": [],
    "minimum-stability": "dev",
    "stability-flags": [],
    "prefer-stable": false,
    "prefer-lowest": false,
    "platform": [],
    "platform-dev": []
}
